
Microsoft Visual Studio Solution File, Format Version 12.00
# Visual Studio 15
VisualStudioVersion = 15.0.26124.0
MinimumVisualStudioVersion = 15.0.26124.0
Project("{FAE04EC0-301F-11D3-BF4B-00C04F79EFBC}") = "rcLogBusiness", "rcLogBusiness\rcLogBusiness.csproj", "{C26D5DE4-05B4-4589-A8AE-3684FD59176C}"
EndProject
Project("{FAE04EC0-301F-11D3-BF4B-00C04F79EFBC}") = "rcLogDatabase", "rcLogDatabase\rcLogDatabase.csproj", "{3FC34351-BB5A-4247-B799-111F095716D6}"
EndProject
Project("{FAE04EC0-301F-11D3-BF4B-00C04F79EFBC}") = "rcLogDataModels", "rcLogDataModels\rcLogDataModels.csproj", "{49F53391-5C40-4421-8A5D-F6DFAEEC0753}"
EndProject
Project("{FAE04EC0-301F-11D3-BF4B-00C04F79EFBC}") = "rcLogDatas", "rcLogDatas\rcLogDatas.csproj", "{D14FCD2D-6ECE-4DFA-BDA3-5515B05EECFA}"
EndProject
Project("{FAE04EC0-301F-11D3-BF4B-00C04F79EFBC}") = "rcLogEntities", "rcLogEntities\rcLogEntities.csproj", "{3152C838-489A-461A-A4D4-4D721B479B7B}"
EndProject
Project("{FAE04EC0-301F-11D3-BF4B-00C04F79EFBC}") = "rcLogTransfers", "rcLogTransfers\rcLogTransfers.csproj", "{8A628461-A683-4D7C-B425-0F960B6E5822}"
EndProject
Project("{FAE04EC0-301F-11D3-BF4B-00C04F79EFBC}") = "rcLogUtils", "rcLogUtils\rcLogUtils.csproj", "{DF70D296-32C1-4610-B5C6-97F25105DF20}"
EndProject
Project("{FAE04EC0-301F-11D3-BF4B-00C04F79EFBC}") = "rcLogApiNetCore", "rcLogApiNetCore\rcLogApiNetCore.csproj", "{A9CEC9AE-05AA-4221-95B3-3ACF0016A81F}"
EndProject
Project("{FAE04EC0-301F-11D3-BF4B-00C04F79EFBC}") = "rcLogWebApiNetCore", "rcLogWebApiNetCore\rcLogWebApiNetCore.csproj", "{074AEF54-AD80-4B83-9F43-E17825206F1F}"
EndProject
Project("{FAE04EC0-301F-11D3-BF4B-00C04F79EFBC}") = "rcLogWebNetCore", "rcLogWebNetCore\rcLogWebNetCore.csproj", "{0BACF946-9EEE-4FEF-AB4F-B0E4094A7E0D}"
EndProject
Global
	GlobalSection(SolutionConfigurationPlatforms) = preSolution
		Debug|Any CPU = Debug|Any CPU
		Debug|x64 = Debug|x64
		Debug|x86 = Debug|x86
		Release|Any CPU = Release|Any CPU
		Release|x64 = Release|x64
		Release|x86 = Release|x86
	EndGlobalSection
	GlobalSection(SolutionProperties) = preSolution
		HideSolutionNode = FALSE
	EndGlobalSection
	GlobalSection(ProjectConfigurationPlatforms) = postSolution
		{C26D5DE4-05B4-4589-A8AE-3684FD59176C}.Debug|Any CPU.ActiveCfg = Debug|Any CPU
		{C26D5DE4-05B4-4589-A8AE-3684FD59176C}.Debug|Any CPU.Build.0 = Debug|Any CPU
		{C26D5DE4-05B4-4589-A8AE-3684FD59176C}.Debug|x64.ActiveCfg = Debug|x64
		{C26D5DE4-05B4-4589-A8AE-3684FD59176C}.Debug|x64.Build.0 = Debug|x64
		{C26D5DE4-05B4-4589-A8AE-3684FD59176C}.Debug|x86.ActiveCfg = Debug|x86
		{C26D5DE4-05B4-4589-A8AE-3684FD59176C}.Debug|x86.Build.0 = Debug|x86
		{C26D5DE4-05B4-4589-A8AE-3684FD59176C}.Release|Any CPU.ActiveCfg = Release|Any CPU
		{C26D5DE4-05B4-4589-A8AE-3684FD59176C}.Release|Any CPU.Build.0 = Release|Any CPU
		{C26D5DE4-05B4-4589-A8AE-3684FD59176C}.Release|x64.ActiveCfg = Release|x64
		{C26D5DE4-05B4-4589-A8AE-3684FD59176C}.Release|x64.Build.0 = Release|x64
		{C26D5DE4-05B4-4589-A8AE-3684FD59176C}.Release|x86.ActiveCfg = Release|x86
		{C26D5DE4-05B4-4589-A8AE-3684FD59176C}.Release|x86.Build.0 = Release|x86
		{3FC34351-BB5A-4247-B799-111F095716D6}.Debug|Any CPU.ActiveCfg = Debug|Any CPU
		{3FC34351-BB5A-4247-B799-111F095716D6}.Debug|Any CPU.Build.0 = Debug|Any CPU
		{3FC34351-BB5A-4247-B799-111F095716D6}.Debug|x64.ActiveCfg = Debug|x64
		{3FC34351-BB5A-4247-B799-111F095716D6}.Debug|x64.Build.0 = Debug|x64
		{3FC34351-BB5A-4247-B799-111F095716D6}.Debug|x86.ActiveCfg = Debug|x86
		{3FC34351-BB5A-4247-B799-111F095716D6}.Debug|x86.Build.0 = Debug|x86
		{3FC34351-BB5A-4247-B799-111F095716D6}.Release|Any CPU.ActiveCfg = Release|Any CPU
		{3FC34351-BB5A-4247-B799-111F095716D6}.Release|Any CPU.Build.0 = Release|Any CPU
		{3FC34351-BB5A-4247-B799-111F095716D6}.Release|x64.ActiveCfg = Release|x64
		{3FC34351-BB5A-4247-B799-111F095716D6}.Release|x64.Build.0 = Release|x64
		{3FC34351-BB5A-4247-B799-111F095716D6}.Release|x86.ActiveCfg = Release|x86
		{3FC34351-BB5A-4247-B799-111F095716D6}.Release|x86.Build.0 = Release|x86
		{49F53391-5C40-4421-8A5D-F6DFAEEC0753}.Debug|Any CPU.ActiveCfg = Debug|Any CPU
		{49F53391-5C40-4421-8A5D-F6DFAEEC0753}.Debug|Any CPU.Build.0 = Debug|Any CPU
		{49F53391-5C40-4421-8A5D-F6DFAEEC0753}.Debug|x64.ActiveCfg = Debug|x64
		{49F53391-5C40-4421-8A5D-F6DFAEEC0753}.Debug|x64.Build.0 = Debug|x64
		{49F53391-5C40-4421-8A5D-F6DFAEEC0753}.Debug|x86.ActiveCfg = Debug|x86
		{49F53391-5C40-4421-8A5D-F6DFAEEC0753}.Debug|x86.Build.0 = Debug|x86
		{49F53391-5C40-4421-8A5D-F6DFAEEC0753}.Release|Any CPU.ActiveCfg = Release|Any CPU
		{49F53391-5C40-4421-8A5D-F6DFAEEC0753}.Release|Any CPU.Build.0 = Release|Any CPU
		{49F53391-5C40-4421-8A5D-F6DFAEEC0753}.Release|x64.ActiveCfg = Release|x64
		{49F53391-5C40-4421-8A5D-F6DFAEEC0753}.Release|x64.Build.0 = Release|x64
		{49F53391-5C40-4421-8A5D-F6DFAEEC0753}.Release|x86.ActiveCfg = Release|x86
		{49F53391-5C40-4421-8A5D-F6DFAEEC0753}.Release|x86.Build.0 = Release|x86
		{D14FCD2D-6ECE-4DFA-BDA3-5515B05EECFA}.Debug|Any CPU.ActiveCfg = Debug|Any CPU
		{D14FCD2D-6ECE-4DFA-BDA3-5515B05EECFA}.Debug|Any CPU.Build.0 = Debug|Any CPU
		{D14FCD2D-6ECE-4DFA-BDA3-5515B05EECFA}.Debug|x64.ActiveCfg = Debug|x64
		{D14FCD2D-6ECE-4DFA-BDA3-5515B05EECFA}.Debug|x64.Build.0 = Debug|x64
		{D14FCD2D-6ECE-4DFA-BDA3-5515B05EECFA}.Debug|x86.ActiveCfg = Debug|x86
		{D14FCD2D-6ECE-4DFA-BDA3-5515B05EECFA}.Debug|x86.Build.0 = Debug|x86
		{D14FCD2D-6ECE-4DFA-BDA3-5515B05EECFA}.Release|Any CPU.ActiveCfg = Release|Any CPU
		{D14FCD2D-6ECE-4DFA-BDA3-5515B05EECFA}.Release|Any CPU.Build.0 = Release|Any CPU
		{D14FCD2D-6ECE-4DFA-BDA3-5515B05EECFA}.Release|x64.ActiveCfg = Release|x64
		{D14FCD2D-6ECE-4DFA-BDA3-5515B05EECFA}.Release|x64.Build.0 = Release|x64
		{D14FCD2D-6ECE-4DFA-BDA3-5515B05EECFA}.Release|x86.ActiveCfg = Release|x86
		{D14FCD2D-6ECE-4DFA-BDA3-5515B05EECFA}.Release|x86.Build.0 = Release|x86
		{3152C838-489A-461A-A4D4-4D721B479B7B}.Debug|Any CPU.ActiveCfg = Debug|Any CPU
		{3152C838-489A-461A-A4D4-4D721B479B7B}.Debug|Any CPU.Build.0 = Debug|Any CPU
		{3152C838-489A-461A-A4D4-4D721B479B7B}.Debug|x64.ActiveCfg = Debug|x64
		{3152C838-489A-461A-A4D4-4D721B479B7B}.Debug|x64.Build.0 = Debug|x64
		{3152C838-489A-461A-A4D4-4D721B479B7B}.Debug|x86.ActiveCfg = Debug|x86
		{3152C838-489A-461A-A4D4-4D721B479B7B}.Debug|x86.Build.0 = Debug|x86
		{3152C838-489A-461A-A4D4-4D721B479B7B}.Release|Any CPU.ActiveCfg = Release|Any CPU
		{3152C838-489A-461A-A4D4-4D721B479B7B}.Release|Any CPU.Build.0 = Release|Any CPU
		{3152C838-489A-461A-A4D4-4D721B479B7B}.Release|x64.ActiveCfg = Release|x64
		{3152C838-489A-461A-A4D4-4D721B479B7B}.Release|x64.Build.0 = Release|x64
		{3152C838-489A-461A-A4D4-4D721B479B7B}.Release|x86.ActiveCfg = Release|x86
		{3152C838-489A-461A-A4D4-4D721B479B7B}.Release|x86.Build.0 = Release|x86
		{8A628461-A683-4D7C-B425-0F960B6E5822}.Debug|Any CPU.ActiveCfg = Debug|Any CPU
		{8A628461-A683-4D7C-B425-0F960B6E5822}.Debug|Any CPU.Build.0 = Debug|Any CPU
		{8A628461-A683-4D7C-B425-0F960B6E5822}.Debug|x64.ActiveCfg = Debug|x64
		{8A628461-A683-4D7C-B425-0F960B6E5822}.Debug|x64.Build.0 = Debug|x64
		{8A628461-A683-4D7C-B425-0F960B6E5822}.Debug|x86.ActiveCfg = Debug|x86
		{8A628461-A683-4D7C-B425-0F960B6E5822}.Debug|x86.Build.0 = Debug|x86
		{8A628461-A683-4D7C-B425-0F960B6E5822}.Release|Any CPU.ActiveCfg = Release|Any CPU
		{8A628461-A683-4D7C-B425-0F960B6E5822}.Release|Any CPU.Build.0 = Release|Any CPU
		{8A628461-A683-4D7C-B425-0F960B6E5822}.Release|x64.ActiveCfg = Release|x64
		{8A628461-A683-4D7C-B425-0F960B6E5822}.Release|x64.Build.0 = Release|x64
		{8A628461-A683-4D7C-B425-0F960B6E5822}.Release|x86.ActiveCfg = Release|x86
		{8A628461-A683-4D7C-B425-0F960B6E5822}.Release|x86.Build.0 = Release|x86
		{DF70D296-32C1-4610-B5C6-97F25105DF20}.Debug|Any CPU.ActiveCfg = Debug|Any CPU
		{DF70D296-32C1-4610-B5C6-97F25105DF20}.Debug|Any CPU.Build.0 = Debug|Any CPU
		{DF70D296-32C1-4610-B5C6-97F25105DF20}.Debug|x64.ActiveCfg = Debug|x64
		{DF70D296-32C1-4610-B5C6-97F25105DF20}.Debug|x64.Build.0 = Debug|x64
		{DF70D296-32C1-4610-B5C6-97F25105DF20}.Debug|x86.ActiveCfg = Debug|x86
		{DF70D296-32C1-4610-B5C6-97F25105DF20}.Debug|x86.Build.0 = Debug|x86
		{DF70D296-32C1-4610-B5C6-97F25105DF20}.Release|Any CPU.ActiveCfg = Release|Any CPU
		{DF70D296-32C1-4610-B5C6-97F25105DF20}.Release|Any CPU.Build.0 = Release|Any CPU
		{DF70D296-32C1-4610-B5C6-97F25105DF20}.Release|x64.ActiveCfg = Release|x64
		{DF70D296-32C1-4610-B5C6-97F25105DF20}.Release|x64.Build.0 = Release|x64
		{DF70D296-32C1-4610-B5C6-97F25105DF20}.Release|x86.ActiveCfg = Release|x86
		{DF70D296-32C1-4610-B5C6-97F25105DF20}.Release|x86.Build.0 = Release|x86
		{A9CEC9AE-05AA-4221-95B3-3ACF0016A81F}.Debug|Any CPU.ActiveCfg = Debug|Any CPU
		{A9CEC9AE-05AA-4221-95B3-3ACF0016A81F}.Debug|Any CPU.Build.0 = Debug|Any CPU
		{A9CEC9AE-05AA-4221-95B3-3ACF0016A81F}.Debug|x64.ActiveCfg = Debug|x64
		{A9CEC9AE-05AA-4221-95B3-3ACF0016A81F}.Debug|x64.Build.0 = Debug|x64
		{A9CEC9AE-05AA-4221-95B3-3ACF0016A81F}.Debug|x86.ActiveCfg = Debug|x86
		{A9CEC9AE-05AA-4221-95B3-3ACF0016A81F}.Debug|x86.Build.0 = Debug|x86
		{A9CEC9AE-05AA-4221-95B3-3ACF0016A81F}.Release|Any CPU.ActiveCfg = Release|Any CPU
		{A9CEC9AE-05AA-4221-95B3-3ACF0016A81F}.Release|Any CPU.Build.0 = Release|Any CPU
		{A9CEC9AE-05AA-4221-95B3-3ACF0016A81F}.Release|x64.ActiveCfg = Release|x64
		{A9CEC9AE-05AA-4221-95B3-3ACF0016A81F}.Release|x64.Build.0 = Release|x64
		{A9CEC9AE-05AA-4221-95B3-3ACF0016A81F}.Release|x86.ActiveCfg = Release|x86
		{A9CEC9AE-05AA-4221-95B3-3ACF0016A81F}.Release|x86.Build.0 = Release|x86
		{074AEF54-AD80-4B83-9F43-E17825206F1F}.Debug|Any CPU.ActiveCfg = Debug|Any CPU
		{074AEF54-AD80-4B83-9F43-E17825206F1F}.Debug|Any CPU.Build.0 = Debug|Any CPU
		{074AEF54-AD80-4B83-9F43-E17825206F1F}.Debug|x64.ActiveCfg = Debug|x64
		{074AEF54-AD80-4B83-9F43-E17825206F1F}.Debug|x64.Build.0 = Debug|x64
		{074AEF54-AD80-4B83-9F43-E17825206F1F}.Debug|x86.ActiveCfg = Debug|x86
		{074AEF54-AD80-4B83-9F43-E17825206F1F}.Debug|x86.Build.0 = Debug|x86
		{074AEF54-AD80-4B83-9F43-E17825206F1F}.Release|Any CPU.ActiveCfg = Release|Any CPU
		{074AEF54-AD80-4B83-9F43-E17825206F1F}.Release|Any CPU.Build.0 = Release|Any CPU
		{074AEF54-AD80-4B83-9F43-E17825206F1F}.Release|x64.ActiveCfg = Release|x64
		{074AEF54-AD80-4B83-9F43-E17825206F1F}.Release|x64.Build.0 = Release|x64
		{074AEF54-AD80-4B83-9F43-E17825206F1F}.Release|x86.ActiveCfg = Release|x86
		{074AEF54-AD80-4B83-9F43-E17825206F1F}.Release|x86.Build.0 = Release|x86
		{0BACF946-9EEE-4FEF-AB4F-B0E4094A7E0D}.Debug|Any CPU.ActiveCfg = Debug|Any CPU
		{0BACF946-9EEE-4FEF-AB4F-B0E4094A7E0D}.Debug|Any CPU.Build.0 = Debug|Any CPU
		{0BACF946-9EEE-4FEF-AB4F-B0E4094A7E0D}.Debug|x64.ActiveCfg = Debug|x64
		{0BACF946-9EEE-4FEF-AB4F-B0E4094A7E0D}.Debug|x64.Build.0 = Debug|x64
		{0BACF946-9EEE-4FEF-AB4F-B0E4094A7E0D}.Debug|x86.ActiveCfg = Debug|x86
		{0BACF946-9EEE-4FEF-AB4F-B0E4094A7E0D}.Debug|x86.Build.0 = Debug|x86
		{0BACF946-9EEE-4FEF-AB4F-B0E4094A7E0D}.Release|Any CPU.ActiveCfg = Release|Any CPU
		{0BACF946-9EEE-4FEF-AB4F-B0E4094A7E0D}.Release|Any CPU.Build.0 = Release|Any CPU
		{0BACF946-9EEE-4FEF-AB4F-B0E4094A7E0D}.Release|x64.ActiveCfg = Release|x64
		{0BACF946-9EEE-4FEF-AB4F-B0E4094A7E0D}.Release|x64.Build.0 = Release|x64
		{0BACF946-9EEE-4FEF-AB4F-B0E4094A7E0D}.Release|x86.ActiveCfg = Release|x86
		{0BACF946-9EEE-4FEF-AB4F-B0E4094A7E0D}.Release|x86.Build.0 = Release|x86
	EndGlobalSection
EndGlobal
