
Microsoft Visual Studio Solution File, Format Version 12.00
# Visual Studio 15
VisualStudioVersion = 15.0.26124.0
MinimumVisualStudioVersion = 15.0.26124.0
Project("{FAE04EC0-301F-11D3-BF4B-00C04F79EFBC}") = "rcLogApi", "rcLogApi\rcLogApi.csproj", "{497E7417-3904-4B8E-BFA3-BEAF15C1CFAC}"
EndProject
Project("{FAE04EC0-301F-11D3-BF4B-00C04F79EFBC}") = "rcLogBusiness", "rcLogBusiness\rcLogBusiness.csproj", "{C26D5DE4-05B4-4589-A8AE-3684FD59176C}"
EndProject
Project("{FAE04EC0-301F-11D3-BF4B-00C04F79EFBC}") = "rcLogDatabase", "rcLogDatabase\rcLogDatabase.csproj", "{3FC34351-BB5A-4247-B799-111F095716D6}"
EndProject
Project("{FAE04EC0-301F-11D3-BF4B-00C04F79EFBC}") = "rcLogDataModels", "rcLogDataModels\rcLogDataModels.csproj", "{49F53391-5C40-4421-8A5D-F6DFAEEC0753}"
EndProject
Project("{FAE04EC0-301F-11D3-BF4B-00C04F79EFBC}") = "rcLogDatas", "rcLogDatas\rcLogDatas.csproj", "{D14FCD2D-6ECE-4DFA-BDA3-5515B05EECFA}"
EndProject
Project("{FAE04EC0-301F-11D3-BF4B-00C04F79EFBC}") = "rcLogEntities", "rcLogEntities\rcLogEntities.csproj", "{3152C838-489A-461A-A4D4-4D721B479B7B}"
EndProject
Project("{FAE04EC0-301F-11D3-BF4B-00C04F79EFBC}") = "rcLogTransfers", "rcLogTransfers\rcLogTransfers.csproj", "{8A628461-A683-4D7C-B425-0F960B6E5822}"
EndProject
Project("{FAE04EC0-301F-11D3-BF4B-00C04F79EFBC}") = "rcLogUtils", "rcLogUtils\rcLogUtils.csproj", "{DF70D296-32C1-4610-B5C6-97F25105DF20}"
EndProject
Project("{FAE04EC0-301F-11D3-BF4B-00C04F79EFBC}") = "rcLogWeb", "rcLogWeb\rcLogWeb.csproj", "{A0041486-700E-45CF-8DD7-A2268A8DA6AA}"
EndProject
Project("{FAE04EC0-301F-11D3-BF4B-00C04F79EFBC}") = "rcLogWebApi", "rcLogWebApi\rcLogWebApi.csproj", "{718547F1-2322-428F-BB73-130AD18920EB}"
EndProject
Global
	GlobalSection(SolutionConfigurationPlatforms) = preSolution
		Debug|Any CPU = Debug|Any CPU
		Debug|x64 = Debug|x64
		Debug|x86 = Debug|x86
		Release|Any CPU = Release|Any CPU
		Release|x64 = Release|x64
		Release|x86 = Release|x86
	EndGlobalSection
	GlobalSection(SolutionProperties) = preSolution
		HideSolutionNode = FALSE
	EndGlobalSection
	GlobalSection(ProjectConfigurationPlatforms) = postSolution
		{497E7417-3904-4B8E-BFA3-BEAF15C1CFAC}.Debug|Any CPU.ActiveCfg = Debug|Any CPU
		{497E7417-3904-4B8E-BFA3-BEAF15C1CFAC}.Debug|Any CPU.Build.0 = Debug|Any CPU
		{497E7417-3904-4B8E-BFA3-BEAF15C1CFAC}.Debug|x64.ActiveCfg = Debug|x64
		{497E7417-3904-4B8E-BFA3-BEAF15C1CFAC}.Debug|x64.Build.0 = Debug|x64
		{497E7417-3904-4B8E-BFA3-BEAF15C1CFAC}.Debug|x86.ActiveCfg = Debug|x86
		{497E7417-3904-4B8E-BFA3-BEAF15C1CFAC}.Debug|x86.Build.0 = Debug|x86
		{497E7417-3904-4B8E-BFA3-BEAF15C1CFAC}.Release|Any CPU.ActiveCfg = Release|Any CPU
		{497E7417-3904-4B8E-BFA3-BEAF15C1CFAC}.Release|Any CPU.Build.0 = Release|Any CPU
		{497E7417-3904-4B8E-BFA3-BEAF15C1CFAC}.Release|x64.ActiveCfg = Release|x64
		{497E7417-3904-4B8E-BFA3-BEAF15C1CFAC}.Release|x64.Build.0 = Release|x64
		{497E7417-3904-4B8E-BFA3-BEAF15C1CFAC}.Release|x86.ActiveCfg = Release|x86
		{497E7417-3904-4B8E-BFA3-BEAF15C1CFAC}.Release|x86.Build.0 = Release|x86
		{C26D5DE4-05B4-4589-A8AE-3684FD59176C}.Debug|Any CPU.ActiveCfg = Debug|Any CPU
		{C26D5DE4-05B4-4589-A8AE-3684FD59176C}.Debug|Any CPU.Build.0 = Debug|Any CPU
		{C26D5DE4-05B4-4589-A8AE-3684FD59176C}.Debug|x64.ActiveCfg = Debug|x64
		{C26D5DE4-05B4-4589-A8AE-3684FD59176C}.Debug|x64.Build.0 = Debug|x64
		{C26D5DE4-05B4-4589-A8AE-3684FD59176C}.Debug|x86.ActiveCfg = Debug|x86
		{C26D5DE4-05B4-4589-A8AE-3684FD59176C}.Debug|x86.Build.0 = Debug|x86
		{C26D5DE4-05B4-4589-A8AE-3684FD59176C}.Release|Any CPU.ActiveCfg = Release|Any CPU
		{C26D5DE4-05B4-4589-A8AE-3684FD59176C}.Release|Any CPU.Build.0 = Release|Any CPU
		{C26D5DE4-05B4-4589-A8AE-3684FD59176C}.Release|x64.ActiveCfg = Release|x64
		{C26D5DE4-05B4-4589-A8AE-3684FD59176C}.Release|x64.Build.0 = Release|x64
		{C26D5DE4-05B4-4589-A8AE-3684FD59176C}.Release|x86.ActiveCfg = Release|x86
		{C26D5DE4-05B4-4589-A8AE-3684FD59176C}.Release|x86.Build.0 = Release|x86
		{3FC34351-BB5A-4247-B799-111F095716D6}.Debug|Any CPU.ActiveCfg = Debug|Any CPU
		{3FC34351-BB5A-4247-B799-111F095716D6}.Debug|Any CPU.Build.0 = Debug|Any CPU
		{3FC34351-BB5A-4247-B799-111F095716D6}.Debug|x64.ActiveCfg = Debug|x64
		{3FC34351-BB5A-4247-B799-111F095716D6}.Debug|x64.Build.0 = Debug|x64
		{3FC34351-BB5A-4247-B799-111F095716D6}.Debug|x86.ActiveCfg = Debug|x86
		{3FC34351-BB5A-4247-B799-111F095716D6}.Debug|x86.Build.0 = Debug|x86
		{3FC34351-BB5A-4247-B799-111F095716D6}.Release|Any CPU.ActiveCfg = Release|Any CPU
		{3FC34351-BB5A-4247-B799-111F095716D6}.Release|Any CPU.Build.0 = Release|Any CPU
		{3FC34351-BB5A-4247-B799-111F095716D6}.Release|x64.ActiveCfg = Release|x64
		{3FC34351-BB5A-4247-B799-111F095716D6}.Release|x64.Build.0 = Release|x64
		{3FC34351-BB5A-4247-B799-111F095716D6}.Release|x86.ActiveCfg = Release|x86
		{3FC34351-BB5A-4247-B799-111F095716D6}.Release|x86.Build.0 = Release|x86
		{49F53391-5C40-4421-8A5D-F6DFAEEC0753}.Debug|Any CPU.ActiveCfg = Debug|Any CPU
		{49F53391-5C40-4421-8A5D-F6DFAEEC0753}.Debug|Any CPU.Build.0 = Debug|Any CPU
		{49F53391-5C40-4421-8A5D-F6DFAEEC0753}.Debug|x64.ActiveCfg = Debug|x64
		{49F53391-5C40-4421-8A5D-F6DFAEEC0753}.Debug|x64.Build.0 = Debug|x64
		{49F53391-5C40-4421-8A5D-F6DFAEEC0753}.Debug|x86.ActiveCfg = Debug|x86
		{49F53391-5C40-4421-8A5D-F6DFAEEC0753}.Debug|x86.Build.0 = Debug|x86
		{49F53391-5C40-4421-8A5D-F6DFAEEC0753}.Release|Any CPU.ActiveCfg = Release|Any CPU
		{49F53391-5C40-4421-8A5D-F6DFAEEC0753}.Release|Any CPU.Build.0 = Release|Any CPU
		{49F53391-5C40-4421-8A5D-F6DFAEEC0753}.Release|x64.ActiveCfg = Release|x64
		{49F53391-5C40-4421-8A5D-F6DFAEEC0753}.Release|x64.Build.0 = Release|x64
		{49F53391-5C40-4421-8A5D-F6DFAEEC0753}.Release|x86.ActiveCfg = Release|x86
		{49F53391-5C40-4421-8A5D-F6DFAEEC0753}.Release|x86.Build.0 = Release|x86
		{D14FCD2D-6ECE-4DFA-BDA3-5515B05EECFA}.Debug|Any CPU.ActiveCfg = Debug|Any CPU
		{D14FCD2D-6ECE-4DFA-BDA3-5515B05EECFA}.Debug|Any CPU.Build.0 = Debug|Any CPU
		{D14FCD2D-6ECE-4DFA-BDA3-5515B05EECFA}.Debug|x64.ActiveCfg = Debug|x64
		{D14FCD2D-6ECE-4DFA-BDA3-5515B05EECFA}.Debug|x64.Build.0 = Debug|x64
		{D14FCD2D-6ECE-4DFA-BDA3-5515B05EECFA}.Debug|x86.ActiveCfg = Debug|x86
		{D14FCD2D-6ECE-4DFA-BDA3-5515B05EECFA}.Debug|x86.Build.0 = Debug|x86
		{D14FCD2D-6ECE-4DFA-BDA3-5515B05EECFA}.Release|Any CPU.ActiveCfg = Release|Any CPU
		{D14FCD2D-6ECE-4DFA-BDA3-5515B05EECFA}.Release|Any CPU.Build.0 = Release|Any CPU
		{D14FCD2D-6ECE-4DFA-BDA3-5515B05EECFA}.Release|x64.ActiveCfg = Release|x64
		{D14FCD2D-6ECE-4DFA-BDA3-5515B05EECFA}.Release|x64.Build.0 = Release|x64
		{D14FCD2D-6ECE-4DFA-BDA3-5515B05EECFA}.Release|x86.ActiveCfg = Release|x86
		{D14FCD2D-6ECE-4DFA-BDA3-5515B05EECFA}.Release|x86.Build.0 = Release|x86
		{3152C838-489A-461A-A4D4-4D721B479B7B}.Debug|Any CPU.ActiveCfg = Debug|Any CPU
		{3152C838-489A-461A-A4D4-4D721B479B7B}.Debug|Any CPU.Build.0 = Debug|Any CPU
		{3152C838-489A-461A-A4D4-4D721B479B7B}.Debug|x64.ActiveCfg = Debug|x64
		{3152C838-489A-461A-A4D4-4D721B479B7B}.Debug|x64.Build.0 = Debug|x64
		{3152C838-489A-461A-A4D4-4D721B479B7B}.Debug|x86.ActiveCfg = Debug|x86
		{3152C838-489A-461A-A4D4-4D721B479B7B}.Debug|x86.Build.0 = Debug|x86
		{3152C838-489A-461A-A4D4-4D721B479B7B}.Release|Any CPU.ActiveCfg = Release|Any CPU
		{3152C838-489A-461A-A4D4-4D721B479B7B}.Release|Any CPU.Build.0 = Release|Any CPU
		{3152C838-489A-461A-A4D4-4D721B479B7B}.Release|x64.ActiveCfg = Release|x64
		{3152C838-489A-461A-A4D4-4D721B479B7B}.Release|x64.Build.0 = Release|x64
		{3152C838-489A-461A-A4D4-4D721B479B7B}.Release|x86.ActiveCfg = Release|x86
		{3152C838-489A-461A-A4D4-4D721B479B7B}.Release|x86.Build.0 = Release|x86
		{8A628461-A683-4D7C-B425-0F960B6E5822}.Debug|Any CPU.ActiveCfg = Debug|Any CPU
		{8A628461-A683-4D7C-B425-0F960B6E5822}.Debug|Any CPU.Build.0 = Debug|Any CPU
		{8A628461-A683-4D7C-B425-0F960B6E5822}.Debug|x64.ActiveCfg = Debug|x64
		{8A628461-A683-4D7C-B425-0F960B6E5822}.Debug|x64.Build.0 = Debug|x64
		{8A628461-A683-4D7C-B425-0F960B6E5822}.Debug|x86.ActiveCfg = Debug|x86
		{8A628461-A683-4D7C-B425-0F960B6E5822}.Debug|x86.Build.0 = Debug|x86
		{8A628461-A683-4D7C-B425-0F960B6E5822}.Release|Any CPU.ActiveCfg = Release|Any CPU
		{8A628461-A683-4D7C-B425-0F960B6E5822}.Release|Any CPU.Build.0 = Release|Any CPU
		{8A628461-A683-4D7C-B425-0F960B6E5822}.Release|x64.ActiveCfg = Release|x64
		{8A628461-A683-4D7C-B425-0F960B6E5822}.Release|x64.Build.0 = Release|x64
		{8A628461-A683-4D7C-B425-0F960B6E5822}.Release|x86.ActiveCfg = Release|x86
		{8A628461-A683-4D7C-B425-0F960B6E5822}.Release|x86.Build.0 = Release|x86
		{DF70D296-32C1-4610-B5C6-97F25105DF20}.Debug|Any CPU.ActiveCfg = Debug|Any CPU
		{DF70D296-32C1-4610-B5C6-97F25105DF20}.Debug|Any CPU.Build.0 = Debug|Any CPU
		{DF70D296-32C1-4610-B5C6-97F25105DF20}.Debug|x64.ActiveCfg = Debug|x64
		{DF70D296-32C1-4610-B5C6-97F25105DF20}.Debug|x64.Build.0 = Debug|x64
		{DF70D296-32C1-4610-B5C6-97F25105DF20}.Debug|x86.ActiveCfg = Debug|x86
		{DF70D296-32C1-4610-B5C6-97F25105DF20}.Debug|x86.Build.0 = Debug|x86
		{DF70D296-32C1-4610-B5C6-97F25105DF20}.Release|Any CPU.ActiveCfg = Release|Any CPU
		{DF70D296-32C1-4610-B5C6-97F25105DF20}.Release|Any CPU.Build.0 = Release|Any CPU
		{DF70D296-32C1-4610-B5C6-97F25105DF20}.Release|x64.ActiveCfg = Release|x64
		{DF70D296-32C1-4610-B5C6-97F25105DF20}.Release|x64.Build.0 = Release|x64
		{DF70D296-32C1-4610-B5C6-97F25105DF20}.Release|x86.ActiveCfg = Release|x86
		{DF70D296-32C1-4610-B5C6-97F25105DF20}.Release|x86.Build.0 = Release|x86
		{A0041486-700E-45CF-8DD7-A2268A8DA6AA}.Debug|Any CPU.ActiveCfg = Debug|Any CPU
		{A0041486-700E-45CF-8DD7-A2268A8DA6AA}.Debug|Any CPU.Build.0 = Debug|Any CPU
		{A0041486-700E-45CF-8DD7-A2268A8DA6AA}.Debug|x64.ActiveCfg = Debug|x64
		{A0041486-700E-45CF-8DD7-A2268A8DA6AA}.Debug|x64.Build.0 = Debug|x64
		{A0041486-700E-45CF-8DD7-A2268A8DA6AA}.Debug|x86.ActiveCfg = Debug|x86
		{A0041486-700E-45CF-8DD7-A2268A8DA6AA}.Debug|x86.Build.0 = Debug|x86
		{A0041486-700E-45CF-8DD7-A2268A8DA6AA}.Release|Any CPU.ActiveCfg = Release|Any CPU
		{A0041486-700E-45CF-8DD7-A2268A8DA6AA}.Release|Any CPU.Build.0 = Release|Any CPU
		{A0041486-700E-45CF-8DD7-A2268A8DA6AA}.Release|x64.ActiveCfg = Release|x64
		{A0041486-700E-45CF-8DD7-A2268A8DA6AA}.Release|x64.Build.0 = Release|x64
		{A0041486-700E-45CF-8DD7-A2268A8DA6AA}.Release|x86.ActiveCfg = Release|x86
		{A0041486-700E-45CF-8DD7-A2268A8DA6AA}.Release|x86.Build.0 = Release|x86
		{718547F1-2322-428F-BB73-130AD18920EB}.Debug|Any CPU.ActiveCfg = Debug|Any CPU
		{718547F1-2322-428F-BB73-130AD18920EB}.Debug|Any CPU.Build.0 = Debug|Any CPU
		{718547F1-2322-428F-BB73-130AD18920EB}.Debug|x64.ActiveCfg = Debug|x64
		{718547F1-2322-428F-BB73-130AD18920EB}.Debug|x64.Build.0 = Debug|x64
		{718547F1-2322-428F-BB73-130AD18920EB}.Debug|x86.ActiveCfg = Debug|x86
		{718547F1-2322-428F-BB73-130AD18920EB}.Debug|x86.Build.0 = Debug|x86
		{718547F1-2322-428F-BB73-130AD18920EB}.Release|Any CPU.ActiveCfg = Release|Any CPU
		{718547F1-2322-428F-BB73-130AD18920EB}.Release|Any CPU.Build.0 = Release|Any CPU
		{718547F1-2322-428F-BB73-130AD18920EB}.Release|x64.ActiveCfg = Release|x64
		{718547F1-2322-428F-BB73-130AD18920EB}.Release|x64.Build.0 = Release|x64
		{718547F1-2322-428F-BB73-130AD18920EB}.Release|x86.ActiveCfg = Release|x86
		{718547F1-2322-428F-BB73-130AD18920EB}.Release|x86.Build.0 = Release|x86
	EndGlobalSection
EndGlobal
